<?xml version="1.0" encoding="utf-8"?>
<Project ToolsVersion="4.0" xmlns="http://schemas.microsoft.com/developer/msbuild/2003">
  <ItemGroup>
    <ClCompile Include="Boitata.cpp">
      <Filter>Source Files</Filter>
    </ClCompile>
    <ClCompile Include="Cacador.cpp">
      <Filter>Source Files</Filter>
    </ClCompile>
    <ClCompile Include="Ente.cpp">
      <Filter>Source Files</Filter>
    </ClCompile>
    <ClCompile Include="Entidade.cpp">
      <Filter>Source Files</Filter>
    </ClCompile>
    <ClCompile Include="Fase.cpp">
      <Filter>Source Files</Filter>
    </ClCompile>
    <ClCompile Include="FasePrimeira.cpp">
      <Filter>Source Files</Filter>
    </ClCompile>
    <ClCompile Include="Fireball.cpp">
      <Filter>Source Files</Filter>
    </ClCompile>
    <ClCompile Include="GerenciadorGrafico.cpp">
      <Filter>Source Files</Filter>
    </ClCompile>
    <ClCompile Include="Inimigo.cpp">
      <Filter>Source Files</Filter>
    </ClCompile>
    <ClCompile Include="Jogador.cpp">
      <Filter>Source Files</Filter>
    </ClCompile>
    <ClCompile Include="Jogo.cpp">
      <Filter>Source Files</Filter>
    </ClCompile>
    <ClCompile Include="ListaEntidades.cpp">
      <Filter>Source Files</Filter>
    </ClCompile>
    <ClCompile Include="Macaco.cpp">
      <Filter>Source Files</Filter>
    </ClCompile>
    <ClCompile Include="main.cpp">
      <Filter>Source Files</Filter>
    </ClCompile>
    <ClCompile Include="Menu.cpp">
      <Filter>Source Files</Filter>
    </ClCompile>
    <ClCompile Include="Personagem.cpp">
      <Filter>Source Files</Filter>
    </ClCompile>
    <ClCompile Include="Tronco.cpp">
      <Filter>Source Files</Filter>
    </ClCompile>
    <ClCompile Include="GerenciadorColisoes.cpp">
      <Filter>Source Files</Filter>
    </ClCompile>
    <ClCompile Include="Plataforma.cpp">
      <Filter>Source Files</Filter>
    </ClCompile>
    <ClCompile Include="Chao.cpp">
      <Filter>Source Files</Filter>
    </ClCompile>
    <ClCompile Include="MenuSelecao.cpp">
      <Filter>Source Files</Filter>
    </ClCompile>
    <ClCompile Include="Formigueiro.cpp">
      <Filter>Source Files</Filter>
    </ClCompile>
    <ClCompile Include="Obstaculo.cpp">
      <Filter>Source Files</Filter>
    </ClCompile>
  </ItemGroup>
  <ItemGroup>
    <ClInclude Include="Boitata.h">
      <Filter>Header Files</Filter>
    </ClInclude>
    <ClInclude Include="Cacador.h">
      <Filter>Header Files</Filter>
    </ClInclude>
    <ClInclude Include="Ente.h">
      <Filter>Header Files</Filter>
    </ClInclude>
    <ClInclude Include="Entidade.h">
      <Filter>Header Files</Filter>
    </ClInclude>
    <ClInclude Include="Fase.h">
      <Filter>Header Files</Filter>
    </ClInclude>
    <ClInclude Include="FasePrimeira.h">
      <Filter>Header Files</Filter>
    </ClInclude>
    <ClInclude Include="Fireball.h">
      <Filter>Header Files</Filter>
    </ClInclude>
    <ClInclude Include="Formigueiro.h">
      <Filter>Header Files</Filter>
    </ClInclude>
    <ClInclude Include="GerenciadorGrafico.h">
      <Filter>Header Files</Filter>
    </ClInclude>
    <ClInclude Include="Inimigo.h">
      <Filter>Header Files</Filter>
    </ClInclude>
    <ClInclude Include="Jogador.h">
      <Filter>Header Files</Filter>
    </ClInclude>
    <ClInclude Include="Jogo.h">
      <Filter>Header Files</Filter>
    </ClInclude>
    <ClInclude Include="Lista.h">
      <Filter>Header Files</Filter>
    </ClInclude>
    <ClInclude Include="ListaEntidades.h">
      <Filter>Header Files</Filter>
    </ClInclude>
    <ClInclude Include="Macaco.h">
      <Filter>Header Files</Filter>
    </ClInclude>
    <ClInclude Include="Menu.h">
      <Filter>Header Files</Filter>
    </ClInclude>
    <ClInclude Include="Obstaculo.h">
      <Filter>Header Files</Filter>
    </ClInclude>
    <ClInclude Include="Personagem.h">
      <Filter>Header Files</Filter>
    </ClInclude>
    <ClInclude Include="Tronco.h">
      <Filter>Header Files</Filter>
    </ClInclude>
    <ClInclude Include="GerenciadorColisoes.h">
      <Filter>Header Files</Filter>
    </ClInclude>
    <ClInclude Include="Plataforma.h">
      <Filter>Header Files</Filter>
    </ClInclude>
    <ClInclude Include="Chao.h">
      <Filter>Header Files</Filter>
    </ClInclude>
    <ClInclude Include="MenuSelecao.h">
      <Filter>Header Files</Filter>
    </ClInclude>
  </ItemGroup>
  <ItemGroup>
    <Text Include="notes.txt" />
  </ItemGroup>
  <ItemGroup>
    <Filter Include="Header Files">
      <UniqueIdentifier>{0251bc65-63ee-4cde-9a17-f3fccd17f1b8}</UniqueIdentifier>
    </Filter>
    <Filter Include="Source Files">
      <UniqueIdentifier>{da9a9d62-bcff-492a-8a40-027995864360}</UniqueIdentifier>
    </Filter>
  </ItemGroup>
</Project>